
Microsoft Visual Studio Solution File, Format Version 12.00
# Visual Studio 15
VisualStudioVersion = 15.0.26430.14
MinimumVisualStudioVersion = 10.0.40219.1
Project("{FAE04EC0-301F-11D3-BF4B-00C04F79EFBC}") = "ShareEmergencyContacts.Android", "src\ShareEmergencyContacts.Android\ShareEmergencyContacts.Android.csproj", "{EB2C41C2-9EAC-483C-9880-E28602A77C1C}"
EndProject
Project("{FAE04EC0-301F-11D3-BF4B-00C04F79EFBC}") = "ShareEmergencyContacts", "src\ShareEmergencyContacts\ShareEmergencyContacts.csproj", "{59EC29FA-1EA9-43D5-B81F-47DAA0426318}"
EndProject
Project("{FAE04EC0-301F-11D3-BF4B-00C04F79EFBC}") = "ShareEmergencyContacts.UWP", "src\ShareEmergencyContacts.UWP\ShareEmergencyContacts.UWP.csproj", "{5C1BCB6D-EA33-4CA1-A72F-38D65526BB3A}"
EndProject
Project("{FAE04EC0-301F-11D3-BF4B-00C04F79EFBC}") = "ShareEmergencyContacts.iOS", "src\ShareEmergencyContacts.iOS\ShareEmergencyContacts.iOS.csproj", "{C60217DD-0141-4D6F-9360-7DA6764253A2}"
EndProject
Project("{FAE04EC0-301F-11D3-BF4B-00C04F79EFBC}") = "ShareEmergencyContacts.Tests", "src\ShareEmergencyContacts.Tests\ShareEmergencyContacts.Tests.csproj", "{9AA5B0D2-5085-4DBB-BBCA-D4045A826052}"
EndProject
Global
	GlobalSection(SolutionConfigurationPlatforms) = preSolution
		Ad-Hoc|Any CPU = Ad-Hoc|Any CPU
		Ad-Hoc|ARM = Ad-Hoc|ARM
		Ad-Hoc|iPhone = Ad-Hoc|iPhone
		Ad-Hoc|iPhoneSimulator = Ad-Hoc|iPhoneSimulator
		Ad-Hoc|x64 = Ad-Hoc|x64
		Ad-Hoc|x86 = Ad-Hoc|x86
		AppStore|Any CPU = AppStore|Any CPU
		AppStore|ARM = AppStore|ARM
		AppStore|iPhone = AppStore|iPhone
		AppStore|iPhoneSimulator = AppStore|iPhoneSimulator
		AppStore|x64 = AppStore|x64
		AppStore|x86 = AppStore|x86
		Debug|Any CPU = Debug|Any CPU
		Debug|ARM = Debug|ARM
		Debug|iPhone = Debug|iPhone
		Debug|iPhoneSimulator = Debug|iPhoneSimulator
		Debug|x64 = Debug|x64
		Debug|x86 = Debug|x86
		Release|Any CPU = Release|Any CPU
		Release|ARM = Release|ARM
		Release|iPhone = Release|iPhone
		Release|iPhoneSimulator = Release|iPhoneSimulator
		Release|x64 = Release|x64
		Release|x86 = Release|x86
	EndGlobalSection
	GlobalSection(ProjectConfigurationPlatforms) = postSolution
		{EB2C41C2-9EAC-483C-9880-E28602A77C1C}.Ad-Hoc|Any CPU.ActiveCfg = Release|Any CPU
		{EB2C41C2-9EAC-483C-9880-E28602A77C1C}.Ad-Hoc|Any CPU.Build.0 = Release|Any CPU
		{EB2C41C2-9EAC-483C-9880-E28602A77C1C}.Ad-Hoc|Any CPU.Deploy.0 = Release|Any CPU
		{EB2C41C2-9EAC-483C-9880-E28602A77C1C}.Ad-Hoc|ARM.ActiveCfg = Release|Any CPU
		{EB2C41C2-9EAC-483C-9880-E28602A77C1C}.Ad-Hoc|ARM.Build.0 = Release|Any CPU
		{EB2C41C2-9EAC-483C-9880-E28602A77C1C}.Ad-Hoc|ARM.Deploy.0 = Release|Any CPU
		{EB2C41C2-9EAC-483C-9880-E28602A77C1C}.Ad-Hoc|iPhone.ActiveCfg = Release|Any CPU
		{EB2C41C2-9EAC-483C-9880-E28602A77C1C}.Ad-Hoc|iPhone.Build.0 = Release|Any CPU
		{EB2C41C2-9EAC-483C-9880-E28602A77C1C}.Ad-Hoc|iPhone.Deploy.0 = Release|Any CPU
		{EB2C41C2-9EAC-483C-9880-E28602A77C1C}.Ad-Hoc|iPhoneSimulator.ActiveCfg = Release|Any CPU
		{EB2C41C2-9EAC-483C-9880-E28602A77C1C}.Ad-Hoc|iPhoneSimulator.Build.0 = Release|Any CPU
		{EB2C41C2-9EAC-483C-9880-E28602A77C1C}.Ad-Hoc|iPhoneSimulator.Deploy.0 = Release|Any CPU
		{EB2C41C2-9EAC-483C-9880-E28602A77C1C}.Ad-Hoc|x64.ActiveCfg = Release|Any CPU
		{EB2C41C2-9EAC-483C-9880-E28602A77C1C}.Ad-Hoc|x64.Build.0 = Release|Any CPU
		{EB2C41C2-9EAC-483C-9880-E28602A77C1C}.Ad-Hoc|x64.Deploy.0 = Release|Any CPU
		{EB2C41C2-9EAC-483C-9880-E28602A77C1C}.Ad-Hoc|x86.ActiveCfg = Release|Any CPU
		{EB2C41C2-9EAC-483C-9880-E28602A77C1C}.Ad-Hoc|x86.Build.0 = Release|Any CPU
		{EB2C41C2-9EAC-483C-9880-E28602A77C1C}.Ad-Hoc|x86.Deploy.0 = Release|Any CPU
		{EB2C41C2-9EAC-483C-9880-E28602A77C1C}.AppStore|Any CPU.ActiveCfg = Release|Any CPU
		{EB2C41C2-9EAC-483C-9880-E28602A77C1C}.AppStore|Any CPU.Build.0 = Release|Any CPU
		{EB2C41C2-9EAC-483C-9880-E28602A77C1C}.AppStore|Any CPU.Deploy.0 = Release|Any CPU
		{EB2C41C2-9EAC-483C-9880-E28602A77C1C}.AppStore|ARM.ActiveCfg = Release|Any CPU
		{EB2C41C2-9EAC-483C-9880-E28602A77C1C}.AppStore|ARM.Build.0 = Release|Any CPU
		{EB2C41C2-9EAC-483C-9880-E28602A77C1C}.AppStore|ARM.Deploy.0 = Release|Any CPU
		{EB2C41C2-9EAC-483C-9880-E28602A77C1C}.AppStore|iPhone.ActiveCfg = Release|Any CPU
		{EB2C41C2-9EAC-483C-9880-E28602A77C1C}.AppStore|iPhone.Build.0 = Release|Any CPU
		{EB2C41C2-9EAC-483C-9880-E28602A77C1C}.AppStore|iPhone.Deploy.0 = Release|Any CPU
		{EB2C41C2-9EAC-483C-9880-E28602A77C1C}.AppStore|iPhoneSimulator.ActiveCfg = Release|Any CPU
		{EB2C41C2-9EAC-483C-9880-E28602A77C1C}.AppStore|iPhoneSimulator.Build.0 = Release|Any CPU
		{EB2C41C2-9EAC-483C-9880-E28602A77C1C}.AppStore|iPhoneSimulator.Deploy.0 = Release|Any CPU
		{EB2C41C2-9EAC-483C-9880-E28602A77C1C}.AppStore|x64.ActiveCfg = Release|Any CPU
		{EB2C41C2-9EAC-483C-9880-E28602A77C1C}.AppStore|x64.Build.0 = Release|Any CPU
		{EB2C41C2-9EAC-483C-9880-E28602A77C1C}.AppStore|x64.Deploy.0 = Release|Any CPU
		{EB2C41C2-9EAC-483C-9880-E28602A77C1C}.AppStore|x86.ActiveCfg = Release|Any CPU
		{EB2C41C2-9EAC-483C-9880-E28602A77C1C}.AppStore|x86.Build.0 = Release|Any CPU
		{EB2C41C2-9EAC-483C-9880-E28602A77C1C}.AppStore|x86.Deploy.0 = Release|Any CPU
		{EB2C41C2-9EAC-483C-9880-E28602A77C1C}.Debug|Any CPU.ActiveCfg = Debug|Any CPU
		{EB2C41C2-9EAC-483C-9880-E28602A77C1C}.Debug|Any CPU.Build.0 = Debug|Any CPU
		{EB2C41C2-9EAC-483C-9880-E28602A77C1C}.Debug|Any CPU.Deploy.0 = Debug|Any CPU
		{EB2C41C2-9EAC-483C-9880-E28602A77C1C}.Debug|ARM.ActiveCfg = Debug|Any CPU
		{EB2C41C2-9EAC-483C-9880-E28602A77C1C}.Debug|ARM.Build.0 = Debug|Any CPU
		{EB2C41C2-9EAC-483C-9880-E28602A77C1C}.Debug|ARM.Deploy.0 = Debug|Any CPU
		{EB2C41C2-9EAC-483C-9880-E28602A77C1C}.Debug|iPhone.ActiveCfg = Debug|Any CPU
		{EB2C41C2-9EAC-483C-9880-E28602A77C1C}.Debug|iPhone.Build.0 = Debug|Any CPU
		{EB2C41C2-9EAC-483C-9880-E28602A77C1C}.Debug|iPhone.Deploy.0 = Debug|Any CPU
		{EB2C41C2-9EAC-483C-9880-E28602A77C1C}.Debug|iPhoneSimulator.ActiveCfg = Debug|Any CPU
		{EB2C41C2-9EAC-483C-9880-E28602A77C1C}.Debug|iPhoneSimulator.Build.0 = Debug|Any CPU
		{EB2C41C2-9EAC-483C-9880-E28602A77C1C}.Debug|iPhoneSimulator.Deploy.0 = Debug|Any CPU
		{EB2C41C2-9EAC-483C-9880-E28602A77C1C}.Debug|x64.ActiveCfg = Debug|Any CPU
		{EB2C41C2-9EAC-483C-9880-E28602A77C1C}.Debug|x64.Build.0 = Debug|Any CPU
		{EB2C41C2-9EAC-483C-9880-E28602A77C1C}.Debug|x64.Deploy.0 = Debug|Any CPU
		{EB2C41C2-9EAC-483C-9880-E28602A77C1C}.Debug|x86.ActiveCfg = Debug|Any CPU
		{EB2C41C2-9EAC-483C-9880-E28602A77C1C}.Debug|x86.Build.0 = Debug|Any CPU
		{EB2C41C2-9EAC-483C-9880-E28602A77C1C}.Debug|x86.Deploy.0 = Debug|Any CPU
		{EB2C41C2-9EAC-483C-9880-E28602A77C1C}.Release|Any CPU.ActiveCfg = Release|Any CPU
		{EB2C41C2-9EAC-483C-9880-E28602A77C1C}.Release|Any CPU.Build.0 = Release|Any CPU
		{EB2C41C2-9EAC-483C-9880-E28602A77C1C}.Release|Any CPU.Deploy.0 = Release|Any CPU
		{EB2C41C2-9EAC-483C-9880-E28602A77C1C}.Release|ARM.ActiveCfg = Release|Any CPU
		{EB2C41C2-9EAC-483C-9880-E28602A77C1C}.Release|ARM.Build.0 = Release|Any CPU
		{EB2C41C2-9EAC-483C-9880-E28602A77C1C}.Release|ARM.Deploy.0 = Release|Any CPU
		{EB2C41C2-9EAC-483C-9880-E28602A77C1C}.Release|iPhone.ActiveCfg = Release|Any CPU
		{EB2C41C2-9EAC-483C-9880-E28602A77C1C}.Release|iPhone.Build.0 = Release|Any CPU
		{EB2C41C2-9EAC-483C-9880-E28602A77C1C}.Release|iPhone.Deploy.0 = Release|Any CPU
		{EB2C41C2-9EAC-483C-9880-E28602A77C1C}.Release|iPhoneSimulator.ActiveCfg = Release|Any CPU
		{EB2C41C2-9EAC-483C-9880-E28602A77C1C}.Release|iPhoneSimulator.Build.0 = Release|Any CPU
		{EB2C41C2-9EAC-483C-9880-E28602A77C1C}.Release|iPhoneSimulator.Deploy.0 = Release|Any CPU
		{EB2C41C2-9EAC-483C-9880-E28602A77C1C}.Release|x64.ActiveCfg = Release|Any CPU
		{EB2C41C2-9EAC-483C-9880-E28602A77C1C}.Release|x64.Build.0 = Release|Any CPU
		{EB2C41C2-9EAC-483C-9880-E28602A77C1C}.Release|x64.Deploy.0 = Release|Any CPU
		{EB2C41C2-9EAC-483C-9880-E28602A77C1C}.Release|x86.ActiveCfg = Release|Any CPU
		{EB2C41C2-9EAC-483C-9880-E28602A77C1C}.Release|x86.Build.0 = Release|Any CPU
		{EB2C41C2-9EAC-483C-9880-E28602A77C1C}.Release|x86.Deploy.0 = Release|Any CPU
		{59EC29FA-1EA9-43D5-B81F-47DAA0426318}.Ad-Hoc|Any CPU.ActiveCfg = Release|Any CPU
		{59EC29FA-1EA9-43D5-B81F-47DAA0426318}.Ad-Hoc|Any CPU.Build.0 = Release|Any CPU
		{59EC29FA-1EA9-43D5-B81F-47DAA0426318}.Ad-Hoc|ARM.ActiveCfg = Release|Any CPU
		{59EC29FA-1EA9-43D5-B81F-47DAA0426318}.Ad-Hoc|ARM.Build.0 = Release|Any CPU
		{59EC29FA-1EA9-43D5-B81F-47DAA0426318}.Ad-Hoc|iPhone.ActiveCfg = Release|Any CPU
		{59EC29FA-1EA9-43D5-B81F-47DAA0426318}.Ad-Hoc|iPhone.Build.0 = Release|Any CPU
		{59EC29FA-1EA9-43D5-B81F-47DAA0426318}.Ad-Hoc|iPhoneSimulator.ActiveCfg = Release|Any CPU
		{59EC29FA-1EA9-43D5-B81F-47DAA0426318}.Ad-Hoc|iPhoneSimulator.Build.0 = Release|Any CPU
		{59EC29FA-1EA9-43D5-B81F-47DAA0426318}.Ad-Hoc|x64.ActiveCfg = Release|Any CPU
		{59EC29FA-1EA9-43D5-B81F-47DAA0426318}.Ad-Hoc|x64.Build.0 = Release|Any CPU
		{59EC29FA-1EA9-43D5-B81F-47DAA0426318}.Ad-Hoc|x86.ActiveCfg = Release|Any CPU
		{59EC29FA-1EA9-43D5-B81F-47DAA0426318}.Ad-Hoc|x86.Build.0 = Release|Any CPU
		{59EC29FA-1EA9-43D5-B81F-47DAA0426318}.AppStore|Any CPU.ActiveCfg = Release|Any CPU
		{59EC29FA-1EA9-43D5-B81F-47DAA0426318}.AppStore|Any CPU.Build.0 = Release|Any CPU
		{59EC29FA-1EA9-43D5-B81F-47DAA0426318}.AppStore|ARM.ActiveCfg = Release|Any CPU
		{59EC29FA-1EA9-43D5-B81F-47DAA0426318}.AppStore|ARM.Build.0 = Release|Any CPU
		{59EC29FA-1EA9-43D5-B81F-47DAA0426318}.AppStore|iPhone.ActiveCfg = Release|Any CPU
		{59EC29FA-1EA9-43D5-B81F-47DAA0426318}.AppStore|iPhone.Build.0 = Release|Any CPU
		{59EC29FA-1EA9-43D5-B81F-47DAA0426318}.AppStore|iPhoneSimulator.ActiveCfg = Release|Any CPU
		{59EC29FA-1EA9-43D5-B81F-47DAA0426318}.AppStore|iPhoneSimulator.Build.0 = Release|Any CPU
		{59EC29FA-1EA9-43D5-B81F-47DAA0426318}.AppStore|x64.ActiveCfg = Release|Any CPU
		{59EC29FA-1EA9-43D5-B81F-47DAA0426318}.AppStore|x64.Build.0 = Release|Any CPU
		{59EC29FA-1EA9-43D5-B81F-47DAA0426318}.AppStore|x86.ActiveCfg = Release|Any CPU
		{59EC29FA-1EA9-43D5-B81F-47DAA0426318}.AppStore|x86.Build.0 = Release|Any CPU
		{59EC29FA-1EA9-43D5-B81F-47DAA0426318}.Debug|Any CPU.ActiveCfg = Debug|Any CPU
		{59EC29FA-1EA9-43D5-B81F-47DAA0426318}.Debug|Any CPU.Build.0 = Debug|Any CPU
		{59EC29FA-1EA9-43D5-B81F-47DAA0426318}.Debug|ARM.ActiveCfg = Debug|Any CPU
		{59EC29FA-1EA9-43D5-B81F-47DAA0426318}.Debug|ARM.Build.0 = Debug|Any CPU
		{59EC29FA-1EA9-43D5-B81F-47DAA0426318}.Debug|iPhone.ActiveCfg = Debug|Any CPU
		{59EC29FA-1EA9-43D5-B81F-47DAA0426318}.Debug|iPhone.Build.0 = Debug|Any CPU
		{59EC29FA-1EA9-43D5-B81F-47DAA0426318}.Debug|iPhoneSimulator.ActiveCfg = Debug|Any CPU
		{59EC29FA-1EA9-43D5-B81F-47DAA0426318}.Debug|iPhoneSimulator.Build.0 = Debug|Any CPU
		{59EC29FA-1EA9-43D5-B81F-47DAA0426318}.Debug|x64.ActiveCfg = Debug|Any CPU
		{59EC29FA-1EA9-43D5-B81F-47DAA0426318}.Debug|x64.Build.0 = Debug|Any CPU
		{59EC29FA-1EA9-43D5-B81F-47DAA0426318}.Debug|x86.ActiveCfg = Debug|Any CPU
		{59EC29FA-1EA9-43D5-B81F-47DAA0426318}.Debug|x86.Build.0 = Debug|Any CPU
		{59EC29FA-1EA9-43D5-B81F-47DAA0426318}.Release|Any CPU.ActiveCfg = Release|Any CPU
		{59EC29FA-1EA9-43D5-B81F-47DAA0426318}.Release|Any CPU.Build.0 = Release|Any CPU
		{59EC29FA-1EA9-43D5-B81F-47DAA0426318}.Release|ARM.ActiveCfg = Release|Any CPU
		{59EC29FA-1EA9-43D5-B81F-47DAA0426318}.Release|ARM.Build.0 = Release|Any CPU
		{59EC29FA-1EA9-43D5-B81F-47DAA0426318}.Release|iPhone.ActiveCfg = Release|Any CPU
		{59EC29FA-1EA9-43D5-B81F-47DAA0426318}.Release|iPhone.Build.0 = Release|Any CPU
		{59EC29FA-1EA9-43D5-B81F-47DAA0426318}.Release|iPhoneSimulator.ActiveCfg = Release|Any CPU
		{59EC29FA-1EA9-43D5-B81F-47DAA0426318}.Release|iPhoneSimulator.Build.0 = Release|Any CPU
		{59EC29FA-1EA9-43D5-B81F-47DAA0426318}.Release|x64.ActiveCfg = Release|Any CPU
		{59EC29FA-1EA9-43D5-B81F-47DAA0426318}.Release|x64.Build.0 = Release|Any CPU
		{59EC29FA-1EA9-43D5-B81F-47DAA0426318}.Release|x86.ActiveCfg = Release|Any CPU
		{59EC29FA-1EA9-43D5-B81F-47DAA0426318}.Release|x86.Build.0 = Release|Any CPU
		{5C1BCB6D-EA33-4CA1-A72F-38D65526BB3A}.Ad-Hoc|Any CPU.ActiveCfg = Release|x86
		{5C1BCB6D-EA33-4CA1-A72F-38D65526BB3A}.Ad-Hoc|Any CPU.Build.0 = Release|x86
		{5C1BCB6D-EA33-4CA1-A72F-38D65526BB3A}.Ad-Hoc|Any CPU.Deploy.0 = Release|x86
		{5C1BCB6D-EA33-4CA1-A72F-38D65526BB3A}.Ad-Hoc|ARM.ActiveCfg = Release|ARM
		{5C1BCB6D-EA33-4CA1-A72F-38D65526BB3A}.Ad-Hoc|ARM.Build.0 = Release|ARM
		{5C1BCB6D-EA33-4CA1-A72F-38D65526BB3A}.Ad-Hoc|ARM.Deploy.0 = Release|ARM
		{5C1BCB6D-EA33-4CA1-A72F-38D65526BB3A}.Ad-Hoc|iPhone.ActiveCfg = Release|x86
		{5C1BCB6D-EA33-4CA1-A72F-38D65526BB3A}.Ad-Hoc|iPhone.Build.0 = Release|x86
		{5C1BCB6D-EA33-4CA1-A72F-38D65526BB3A}.Ad-Hoc|iPhone.Deploy.0 = Release|x86
		{5C1BCB6D-EA33-4CA1-A72F-38D65526BB3A}.Ad-Hoc|iPhoneSimulator.ActiveCfg = Release|x86
		{5C1BCB6D-EA33-4CA1-A72F-38D65526BB3A}.Ad-Hoc|iPhoneSimulator.Build.0 = Release|x86
		{5C1BCB6D-EA33-4CA1-A72F-38D65526BB3A}.Ad-Hoc|iPhoneSimulator.Deploy.0 = Release|x86
		{5C1BCB6D-EA33-4CA1-A72F-38D65526BB3A}.Ad-Hoc|x64.ActiveCfg = Release|x64
		{5C1BCB6D-EA33-4CA1-A72F-38D65526BB3A}.Ad-Hoc|x64.Build.0 = Release|x64
		{5C1BCB6D-EA33-4CA1-A72F-38D65526BB3A}.Ad-Hoc|x64.Deploy.0 = Release|x64
		{5C1BCB6D-EA33-4CA1-A72F-38D65526BB3A}.Ad-Hoc|x86.ActiveCfg = Release|x86
		{5C1BCB6D-EA33-4CA1-A72F-38D65526BB3A}.Ad-Hoc|x86.Build.0 = Release|x86
		{5C1BCB6D-EA33-4CA1-A72F-38D65526BB3A}.Ad-Hoc|x86.Deploy.0 = Release|x86
		{5C1BCB6D-EA33-4CA1-A72F-38D65526BB3A}.AppStore|Any CPU.ActiveCfg = Release|x86
		{5C1BCB6D-EA33-4CA1-A72F-38D65526BB3A}.AppStore|Any CPU.Build.0 = Release|x86
		{5C1BCB6D-EA33-4CA1-A72F-38D65526BB3A}.AppStore|Any CPU.Deploy.0 = Release|x86
		{5C1BCB6D-EA33-4CA1-A72F-38D65526BB3A}.AppStore|ARM.ActiveCfg = Release|ARM
		{5C1BCB6D-EA33-4CA1-A72F-38D65526BB3A}.AppStore|ARM.Build.0 = Release|ARM
		{5C1BCB6D-EA33-4CA1-A72F-38D65526BB3A}.AppStore|ARM.Deploy.0 = Release|ARM
		{5C1BCB6D-EA33-4CA1-A72F-38D65526BB3A}.AppStore|iPhone.ActiveCfg = Release|x86
		{5C1BCB6D-EA33-4CA1-A72F-38D65526BB3A}.AppStore|iPhone.Build.0 = Release|x86
		{5C1BCB6D-EA33-4CA1-A72F-38D65526BB3A}.AppStore|iPhone.Deploy.0 = Release|x86
		{5C1BCB6D-EA33-4CA1-A72F-38D65526BB3A}.AppStore|iPhoneSimulator.ActiveCfg = Release|x86
		{5C1BCB6D-EA33-4CA1-A72F-38D65526BB3A}.AppStore|iPhoneSimulator.Build.0 = Release|x86
		{5C1BCB6D-EA33-4CA1-A72F-38D65526BB3A}.AppStore|iPhoneSimulator.Deploy.0 = Release|x86
		{5C1BCB6D-EA33-4CA1-A72F-38D65526BB3A}.AppStore|x64.ActiveCfg = Release|x64
		{5C1BCB6D-EA33-4CA1-A72F-38D65526BB3A}.AppStore|x64.Build.0 = Release|x64
		{5C1BCB6D-EA33-4CA1-A72F-38D65526BB3A}.AppStore|x64.Deploy.0 = Release|x64
		{5C1BCB6D-EA33-4CA1-A72F-38D65526BB3A}.AppStore|x86.ActiveCfg = Release|x86
		{5C1BCB6D-EA33-4CA1-A72F-38D65526BB3A}.AppStore|x86.Build.0 = Release|x86
		{5C1BCB6D-EA33-4CA1-A72F-38D65526BB3A}.AppStore|x86.Deploy.0 = Release|x86
		{5C1BCB6D-EA33-4CA1-A72F-38D65526BB3A}.Debug|Any CPU.ActiveCfg = Debug|x86
		{5C1BCB6D-EA33-4CA1-A72F-38D65526BB3A}.Debug|ARM.ActiveCfg = Debug|ARM
		{5C1BCB6D-EA33-4CA1-A72F-38D65526BB3A}.Debug|ARM.Build.0 = Debug|ARM
		{5C1BCB6D-EA33-4CA1-A72F-38D65526BB3A}.Debug|ARM.Deploy.0 = Debug|ARM
		{5C1BCB6D-EA33-4CA1-A72F-38D65526BB3A}.Debug|iPhone.ActiveCfg = Debug|x86
		{5C1BCB6D-EA33-4CA1-A72F-38D65526BB3A}.Debug|iPhoneSimulator.ActiveCfg = Debug|x86
		{5C1BCB6D-EA33-4CA1-A72F-38D65526BB3A}.Debug|x64.ActiveCfg = Debug|x64
		{5C1BCB6D-EA33-4CA1-A72F-38D65526BB3A}.Debug|x64.Build.0 = Debug|x64
		{5C1BCB6D-EA33-4CA1-A72F-38D65526BB3A}.Debug|x64.Deploy.0 = Debug|x64
		{5C1BCB6D-EA33-4CA1-A72F-38D65526BB3A}.Debug|x86.ActiveCfg = Debug|x86
		{5C1BCB6D-EA33-4CA1-A72F-38D65526BB3A}.Debug|x86.Build.0 = Debug|x86
		{5C1BCB6D-EA33-4CA1-A72F-38D65526BB3A}.Debug|x86.Deploy.0 = Debug|x86
		{5C1BCB6D-EA33-4CA1-A72F-38D65526BB3A}.Release|Any CPU.ActiveCfg = Release|x86
		{5C1BCB6D-EA33-4CA1-A72F-38D65526BB3A}.Release|ARM.ActiveCfg = Release|ARM
		{5C1BCB6D-EA33-4CA1-A72F-38D65526BB3A}.Release|ARM.Build.0 = Release|ARM
		{5C1BCB6D-EA33-4CA1-A72F-38D65526BB3A}.Release|ARM.Deploy.0 = Release|ARM
		{5C1BCB6D-EA33-4CA1-A72F-38D65526BB3A}.Release|iPhone.ActiveCfg = Release|x86
		{5C1BCB6D-EA33-4CA1-A72F-38D65526BB3A}.Release|iPhoneSimulator.ActiveCfg = Release|x86
		{5C1BCB6D-EA33-4CA1-A72F-38D65526BB3A}.Release|x64.ActiveCfg = Release|x64
		{5C1BCB6D-EA33-4CA1-A72F-38D65526BB3A}.Release|x64.Build.0 = Release|x64
		{5C1BCB6D-EA33-4CA1-A72F-38D65526BB3A}.Release|x64.Deploy.0 = Release|x64
		{5C1BCB6D-EA33-4CA1-A72F-38D65526BB3A}.Release|x86.ActiveCfg = Release|x86
		{5C1BCB6D-EA33-4CA1-A72F-38D65526BB3A}.Release|x86.Build.0 = Release|x86
		{5C1BCB6D-EA33-4CA1-A72F-38D65526BB3A}.Release|x86.Deploy.0 = Release|x86
		{C60217DD-0141-4D6F-9360-7DA6764253A2}.Ad-Hoc|Any CPU.ActiveCfg = Ad-Hoc|iPhone
		{C60217DD-0141-4D6F-9360-7DA6764253A2}.Ad-Hoc|ARM.ActiveCfg = Ad-Hoc|iPhone
		{C60217DD-0141-4D6F-9360-7DA6764253A2}.Ad-Hoc|iPhone.ActiveCfg = Ad-Hoc|iPhone
		{C60217DD-0141-4D6F-9360-7DA6764253A2}.Ad-Hoc|iPhone.Build.0 = Ad-Hoc|iPhone
		{C60217DD-0141-4D6F-9360-7DA6764253A2}.Ad-Hoc|iPhoneSimulator.ActiveCfg = Ad-Hoc|iPhoneSimulator
		{C60217DD-0141-4D6F-9360-7DA6764253A2}.Ad-Hoc|iPhoneSimulator.Build.0 = Ad-Hoc|iPhoneSimulator
		{C60217DD-0141-4D6F-9360-7DA6764253A2}.Ad-Hoc|x64.ActiveCfg = Ad-Hoc|iPhone
		{C60217DD-0141-4D6F-9360-7DA6764253A2}.Ad-Hoc|x86.ActiveCfg = Ad-Hoc|iPhone
		{C60217DD-0141-4D6F-9360-7DA6764253A2}.AppStore|Any CPU.ActiveCfg = AppStore|iPhone
		{C60217DD-0141-4D6F-9360-7DA6764253A2}.AppStore|ARM.ActiveCfg = AppStore|iPhone
		{C60217DD-0141-4D6F-9360-7DA6764253A2}.AppStore|iPhone.ActiveCfg = AppStore|iPhone
		{C60217DD-0141-4D6F-9360-7DA6764253A2}.AppStore|iPhone.Build.0 = AppStore|iPhone
		{C60217DD-0141-4D6F-9360-7DA6764253A2}.AppStore|iPhoneSimulator.ActiveCfg = AppStore|iPhoneSimulator
		{C60217DD-0141-4D6F-9360-7DA6764253A2}.AppStore|iPhoneSimulator.Build.0 = AppStore|iPhoneSimulator
		{C60217DD-0141-4D6F-9360-7DA6764253A2}.AppStore|x64.ActiveCfg = AppStore|iPhone
		{C60217DD-0141-4D6F-9360-7DA6764253A2}.AppStore|x86.ActiveCfg = AppStore|iPhone
		{C60217DD-0141-4D6F-9360-7DA6764253A2}.Debug|Any CPU.ActiveCfg = Debug|iPhone
		{C60217DD-0141-4D6F-9360-7DA6764253A2}.Debug|ARM.ActiveCfg = Debug|iPhone
		{C60217DD-0141-4D6F-9360-7DA6764253A2}.Debug|iPhone.ActiveCfg = Debug|iPhone
		{C60217DD-0141-4D6F-9360-7DA6764253A2}.Debug|iPhone.Build.0 = Debug|iPhone
		{C60217DD-0141-4D6F-9360-7DA6764253A2}.Debug|iPhoneSimulator.ActiveCfg = Debug|iPhoneSimulator
		{C60217DD-0141-4D6F-9360-7DA6764253A2}.Debug|iPhoneSimulator.Build.0 = Debug|iPhoneSimulator
		{C60217DD-0141-4D6F-9360-7DA6764253A2}.Debug|x64.ActiveCfg = Debug|iPhone
		{C60217DD-0141-4D6F-9360-7DA6764253A2}.Debug|x86.ActiveCfg = Debug|iPhone
		{C60217DD-0141-4D6F-9360-7DA6764253A2}.Release|Any CPU.ActiveCfg = Release|iPhone
		{C60217DD-0141-4D6F-9360-7DA6764253A2}.Release|ARM.ActiveCfg = Release|iPhone
		{C60217DD-0141-4D6F-9360-7DA6764253A2}.Release|iPhone.ActiveCfg = Release|iPhone
		{C60217DD-0141-4D6F-9360-7DA6764253A2}.Release|iPhone.Build.0 = Release|iPhone
		{C60217DD-0141-4D6F-9360-7DA6764253A2}.Release|iPhoneSimulator.ActiveCfg = Release|iPhoneSimulator
		{C60217DD-0141-4D6F-9360-7DA6764253A2}.Release|iPhoneSimulator.Build.0 = Release|iPhoneSimulator
		{C60217DD-0141-4D6F-9360-7DA6764253A2}.Release|x64.ActiveCfg = Release|iPhone
		{C60217DD-0141-4D6F-9360-7DA6764253A2}.Release|x86.ActiveCfg = Release|iPhone
		{9AA5B0D2-5085-4DBB-BBCA-D4045A826052}.Ad-Hoc|Any CPU.ActiveCfg = Release|Any CPU
		{9AA5B0D2-5085-4DBB-BBCA-D4045A826052}.Ad-Hoc|Any CPU.Build.0 = Release|Any CPU
		{9AA5B0D2-5085-4DBB-BBCA-D4045A826052}.Ad-Hoc|ARM.ActiveCfg = Release|Any CPU
		{9AA5B0D2-5085-4DBB-BBCA-D4045A826052}.Ad-Hoc|ARM.Build.0 = Release|Any CPU
		{9AA5B0D2-5085-4DBB-BBCA-D4045A826052}.Ad-Hoc|iPhone.ActiveCfg = Release|Any CPU
		{9AA5B0D2-5085-4DBB-BBCA-D4045A826052}.Ad-Hoc|iPhone.Build.0 = Release|Any CPU
		{9AA5B0D2-5085-4DBB-BBCA-D4045A826052}.Ad-Hoc|iPhoneSimulator.ActiveCfg = Release|Any CPU
		{9AA5B0D2-5085-4DBB-BBCA-D4045A826052}.Ad-Hoc|iPhoneSimulator.Build.0 = Release|Any CPU
		{9AA5B0D2-5085-4DBB-BBCA-D4045A826052}.Ad-Hoc|x64.ActiveCfg = Release|Any CPU
		{9AA5B0D2-5085-4DBB-BBCA-D4045A826052}.Ad-Hoc|x64.Build.0 = Release|Any CPU
		{9AA5B0D2-5085-4DBB-BBCA-D4045A826052}.Ad-Hoc|x86.ActiveCfg = Release|Any CPU
		{9AA5B0D2-5085-4DBB-BBCA-D4045A826052}.Ad-Hoc|x86.Build.0 = Release|Any CPU
		{9AA5B0D2-5085-4DBB-BBCA-D4045A826052}.AppStore|Any CPU.ActiveCfg = Release|Any CPU
		{9AA5B0D2-5085-4DBB-BBCA-D4045A826052}.AppStore|Any CPU.Build.0 = Release|Any CPU
		{9AA5B0D2-5085-4DBB-BBCA-D4045A826052}.AppStore|ARM.ActiveCfg = Release|Any CPU
		{9AA5B0D2-5085-4DBB-BBCA-D4045A826052}.AppStore|ARM.Build.0 = Release|Any CPU
		{9AA5B0D2-5085-4DBB-BBCA-D4045A826052}.AppStore|iPhone.ActiveCfg = Release|Any CPU
		{9AA5B0D2-5085-4DBB-BBCA-D4045A826052}.AppStore|iPhone.Build.0 = Release|Any CPU
		{9AA5B0D2-5085-4DBB-BBCA-D4045A826052}.AppStore|iPhoneSimulator.ActiveCfg = Release|Any CPU
		{9AA5B0D2-5085-4DBB-BBCA-D4045A826052}.AppStore|iPhoneSimulator.Build.0 = Release|Any CPU
		{9AA5B0D2-5085-4DBB-BBCA-D4045A826052}.AppStore|x64.ActiveCfg = Release|Any CPU
		{9AA5B0D2-5085-4DBB-BBCA-D4045A826052}.AppStore|x64.Build.0 = Release|Any CPU
		{9AA5B0D2-5085-4DBB-BBCA-D4045A826052}.AppStore|x86.ActiveCfg = Release|Any CPU
		{9AA5B0D2-5085-4DBB-BBCA-D4045A826052}.AppStore|x86.Build.0 = Release|Any CPU
		{9AA5B0D2-5085-4DBB-BBCA-D4045A826052}.Debug|Any CPU.ActiveCfg = Debug|Any CPU
		{9AA5B0D2-5085-4DBB-BBCA-D4045A826052}.Debug|Any CPU.Build.0 = Debug|Any CPU
		{9AA5B0D2-5085-4DBB-BBCA-D4045A826052}.Debug|ARM.ActiveCfg = Debug|Any CPU
		{9AA5B0D2-5085-4DBB-BBCA-D4045A826052}.Debug|ARM.Build.0 = Debug|Any CPU
		{9AA5B0D2-5085-4DBB-BBCA-D4045A826052}.Debug|iPhone.ActiveCfg = Debug|Any CPU
		{9AA5B0D2-5085-4DBB-BBCA-D4045A826052}.Debug|iPhone.Build.0 = Debug|Any CPU
		{9AA5B0D2-5085-4DBB-BBCA-D4045A826052}.Debug|iPhoneSimulator.ActiveCfg = Debug|Any CPU
		{9AA5B0D2-5085-4DBB-BBCA-D4045A826052}.Debug|iPhoneSimulator.Build.0 = Debug|Any CPU
		{9AA5B0D2-5085-4DBB-BBCA-D4045A826052}.Debug|x64.ActiveCfg = Debug|Any CPU
		{9AA5B0D2-5085-4DBB-BBCA-D4045A826052}.Debug|x64.Build.0 = Debug|Any CPU
		{9AA5B0D2-5085-4DBB-BBCA-D4045A826052}.Debug|x86.ActiveCfg = Debug|Any CPU
		{9AA5B0D2-5085-4DBB-BBCA-D4045A826052}.Debug|x86.Build.0 = Debug|Any CPU
		{9AA5B0D2-5085-4DBB-BBCA-D4045A826052}.Release|Any CPU.ActiveCfg = Release|Any CPU
		{9AA5B0D2-5085-4DBB-BBCA-D4045A826052}.Release|Any CPU.Build.0 = Release|Any CPU
		{9AA5B0D2-5085-4DBB-BBCA-D4045A826052}.Release|ARM.ActiveCfg = Release|Any CPU
		{9AA5B0D2-5085-4DBB-BBCA-D4045A826052}.Release|ARM.Build.0 = Release|Any CPU
		{9AA5B0D2-5085-4DBB-BBCA-D4045A826052}.Release|iPhone.ActiveCfg = Release|Any CPU
		{9AA5B0D2-5085-4DBB-BBCA-D4045A826052}.Release|iPhone.Build.0 = Release|Any CPU
		{9AA5B0D2-5085-4DBB-BBCA-D4045A826052}.Release|iPhoneSimulator.ActiveCfg = Release|Any CPU
		{9AA5B0D2-5085-4DBB-BBCA-D4045A826052}.Release|iPhoneSimulator.Build.0 = Release|Any CPU
		{9AA5B0D2-5085-4DBB-BBCA-D4045A826052}.Release|x64.ActiveCfg = Release|Any CPU
		{9AA5B0D2-5085-4DBB-BBCA-D4045A826052}.Release|x64.Build.0 = Release|Any CPU
		{9AA5B0D2-5085-4DBB-BBCA-D4045A826052}.Release|x86.ActiveCfg = Release|Any CPU
		{9AA5B0D2-5085-4DBB-BBCA-D4045A826052}.Release|x86.Build.0 = Release|Any CPU
	EndGlobalSection
	GlobalSection(SolutionProperties) = preSolution
		HideSolutionNode = FALSE
	EndGlobalSection
EndGlobal
